// !$*UTF8*$!
{
	archiveVersion = 1;
	classes = {
	};
	objectVersion = 50;
	objects = {

/* Begin PBXBuildFile section */
		50A65E614FBC0D17C06B4C2D /* Pods_calenderDemo.framework in Frameworks */ = {isa = PBXBuildFile; fileRef = 8D63073F619AFE3AE742178D /* Pods_calenderDemo.framework */; };
		52C792E0A5A72C918B909877 /* Pods_calenderDemoTests.framework in Frameworks */ = {isa = PBXBuildFile; fileRef = 9DB06A21B7A45657F527CAD4 /* Pods_calenderDemoTests.framework */; };
		B17CFDB21DB45FBE93995FE4 /* Pods_calenderDemoUITests.framework in Frameworks */ = {isa = PBXBuildFile; fileRef = EEE3FE8D2C49EAE691E24D37 /* Pods_calenderDemoUITests.framework */; };
		DB35102D216B8CD6004AF5CF /* AppDelegate.swift in Sources */ = {isa = PBXBuildFile; fileRef = DB35102C216B8CD6004AF5CF /* AppDelegate.swift */; };
		DB35102F216B8CD6004AF5CF /* ViewController.swift in Sources */ = {isa = PBXBuildFile; fileRef = DB35102E216B8CD6004AF5CF /* ViewController.swift */; };
		DB351032216B8CD6004AF5CF /* Main.storyboard in Resources */ = {isa = PBXBuildFile; fileRef = DB351030216B8CD6004AF5CF /* Main.storyboard */; };
		DB351034216B8CD9004AF5CF /* Assets.xcassets in Resources */ = {isa = PBXBuildFile; fileRef = DB351033216B8CD9004AF5CF /* Assets.xcassets */; };
		DB351037216B8CD9004AF5CF /* LaunchScreen.storyboard in Resources */ = {isa = PBXBuildFile; fileRef = DB351035216B8CD9004AF5CF /* LaunchScreen.storyboard */; };
		DB351042216B8CD9004AF5CF /* calenderDemoTests.swift in Sources */ = {isa = PBXBuildFile; fileRef = DB351041216B8CD9004AF5CF /* calenderDemoTests.swift */; };
		DB35104D216B8CD9004AF5CF /* calenderDemoUITests.swift in Sources */ = {isa = PBXBuildFile; fileRef = DB35104C216B8CD9004AF5CF /* calenderDemoUITests.swift */; };
		DB35105B216C288C004AF5CF /* data.swift in Sources */ = {isa = PBXBuildFile; fileRef = DB35105A216C288C004AF5CF /* data.swift */; };
		DB35105F216D6236004AF5CF /* EventViewController.swift in Sources */ = {isa = PBXBuildFile; fileRef = DB35105E216D6236004AF5CF /* EventViewController.swift */; };
/* End PBXBuildFile section */

/* Begin PBXContainerItemProxy section */
		DB35103E216B8CD9004AF5CF /* PBXContainerItemProxy */ = {
			isa = PBXContainerItemProxy;
			containerPortal = DB351021216B8CD6004AF5CF /* Project object */;
			proxyType = 1;
			remoteGlobalIDString = DB351028216B8CD6004AF5CF;
			remoteInfo = calenderDemo;
		};
		DB351049216B8CD9004AF5CF /* PBXContainerItemProxy */ = {
			isa = PBXContainerItemProxy;
			containerPortal = DB351021216B8CD6004AF5CF /* Project object */;
			proxyType = 1;
			remoteGlobalIDString = DB351028216B8CD6004AF5CF;
			remoteInfo = calenderDemo;
		};
/* End PBXContainerItemProxy section */

/* Begin PBXFileReference section */
		03F28BBDDEC23232970BEF96 /* Pods-calenderDemo.debug.xcconfig */ = {isa = PBXFileReference; includeInIndex = 1; lastKnownFileType = text.xcconfig; name = "Pods-calenderDemo.debug.xcconfig"; path = "Pods/Target Support Files/Pods-calenderDemo/Pods-calenderDemo.debug.xcconfig"; sourceTree = "<group>"; };
		498BA27CAA3D8A2B00BF36AD /* Pods-calenderDemoTests.debug.xcconfig */ = {isa = PBXFileReference; includeInIndex = 1; lastKnownFileType = text.xcconfig; name = "Pods-calenderDemoTests.debug.xcconfig"; path = "Pods/Target Support Files/Pods-calenderDemoTests/Pods-calenderDemoTests.debug.xcconfig"; sourceTree = "<group>"; };
		5FEA7C3140AB891DB4634755 /* Pods-calenderDemoUITests.release.xcconfig */ = {isa = PBXFileReference; includeInIndex = 1; lastKnownFileType = text.xcconfig; name = "Pods-calenderDemoUITests.release.xcconfig"; path = "Pods/Target Support Files/Pods-calenderDemoUITests/Pods-calenderDemoUITests.release.xcconfig"; sourceTree = "<group>"; };
		7F8CF93ECDC5305A5E66DB90 /* Pods-calenderDemoUITests.debug.xcconfig */ = {isa = PBXFileReference; includeInIndex = 1; lastKnownFileType = text.xcconfig; name = "Pods-calenderDemoUITests.debug.xcconfig"; path = "Pods/Target Support Files/Pods-calenderDemoUITests/Pods-calenderDemoUITests.debug.xcconfig"; sourceTree = "<group>"; };
		8AE3C61AFC808CF4055717D0 /* Pods-calenderDemo.release.xcconfig */ = {isa = PBXFileReference; includeInIndex = 1; lastKnownFileType = text.xcconfig; name = "Pods-calenderDemo.release.xcconfig"; path = "Pods/Target Support Files/Pods-calenderDemo/Pods-calenderDemo.release.xcconfig"; sourceTree = "<group>"; };
		8D63073F619AFE3AE742178D /* Pods_calenderDemo.framework */ = {isa = PBXFileReference; explicitFileType = wrapper.framework; includeInIndex = 0; path = Pods_calenderDemo.framework; sourceTree = BUILT_PRODUCTS_DIR; };
		9DB06A21B7A45657F527CAD4 /* Pods_calenderDemoTests.framework */ = {isa = PBXFileReference; explicitFileType = wrapper.framework; includeInIndex = 0; path = Pods_calenderDemoTests.framework; sourceTree = BUILT_PRODUCTS_DIR; };
		CD0765243F7020EBA0342BE1 /* Pods-calenderDemoTests.release.xcconfig */ = {isa = PBXFileReference; includeInIndex = 1; lastKnownFileType = text.xcconfig; name = "Pods-calenderDemoTests.release.xcconfig"; path = "Pods/Target Support Files/Pods-calenderDemoTests/Pods-calenderDemoTests.release.xcconfig"; sourceTree = "<group>"; };
		DB351029216B8CD6004AF5CF /* calenderDemo.app */ = {isa = PBXFileReference; explicitFileType = wrapper.application; includeInIndex = 0; path = calenderDemo.app; sourceTree = BUILT_PRODUCTS_DIR; };
		DB35102C216B8CD6004AF5CF /* AppDelegate.swift */ = {isa = PBXFileReference; lastKnownFileType = sourcecode.swift; path = AppDelegate.swift; sourceTree = "<group>"; };
		DB35102E216B8CD6004AF5CF /* ViewController.swift */ = {isa = PBXFileReference; lastKnownFileType = sourcecode.swift; path = ViewController.swift; sourceTree = "<group>"; };
		DB351031216B8CD6004AF5CF /* Base */ = {isa = PBXFileReference; lastKnownFileType = file.storyboard; name = Base; path = Base.lproj/Main.storyboard; sourceTree = "<group>"; };
		DB351033216B8CD9004AF5CF /* Assets.xcassets */ = {isa = PBXFileReference; lastKnownFileType = folder.assetcatalog; path = Assets.xcassets; sourceTree = "<group>"; };
		DB351036216B8CD9004AF5CF /* Base */ = {isa = PBXFileReference; lastKnownFileType = file.storyboard; name = Base; path = Base.lproj/LaunchScreen.storyboard; sourceTree = "<group>"; };
		DB351038216B8CD9004AF5CF /* Info.plist */ = {isa = PBXFileReference; lastKnownFileType = text.plist.xml; path = Info.plist; sourceTree = "<group>"; };
		DB35103D216B8CD9004AF5CF /* calenderDemoTests.xctest */ = {isa = PBXFileReference; explicitFileType = wrapper.cfbundle; includeInIndex = 0; path = calenderDemoTests.xctest; sourceTree = BUILT_PRODUCTS_DIR; };
		DB351041216B8CD9004AF5CF /* calenderDemoTests.swift */ = {isa = PBXFileReference; lastKnownFileType = sourcecode.swift; path = calenderDemoTests.swift; sourceTree = "<group>"; };
		DB351043216B8CD9004AF5CF /* Info.plist */ = {isa = PBXFileReference; lastKnownFileType = text.plist.xml; path = Info.plist; sourceTree = "<group>"; };
		DB351048216B8CD9004AF5CF /* calenderDemoUITests.xctest */ = {isa = PBXFileReference; explicitFileType = wrapper.cfbundle; includeInIndex = 0; path = calenderDemoUITests.xctest; sourceTree = BUILT_PRODUCTS_DIR; };
		DB35104C216B8CD9004AF5CF /* calenderDemoUITests.swift */ = {isa = PBXFileReference; lastKnownFileType = sourcecode.swift; path = calenderDemoUITests.swift; sourceTree = "<group>"; };
		DB35104E216B8CD9004AF5CF /* Info.plist */ = {isa = PBXFileReference; lastKnownFileType = text.plist.xml; path = Info.plist; sourceTree = "<group>"; };
		DB35105A216C288C004AF5CF /* data.swift */ = {isa = PBXFileReference; lastKnownFileType = sourcecode.swift; path = data.swift; sourceTree = "<group>"; };
		DB35105E216D6236004AF5CF /* EventViewController.swift */ = {isa = PBXFileReference; lastKnownFileType = sourcecode.swift; path = EventViewController.swift; sourceTree = "<group>"; };
		EEE3FE8D2C49EAE691E24D37 /* Pods_calenderDemoUITests.framework */ = {isa = PBXFileReference; explicitFileType = wrapper.framework; includeInIndex = 0; path = Pods_calenderDemoUITests.framework; sourceTree = BUILT_PRODUCTS_DIR; };
/* End PBXFileReference section */

/* Begin PBXFrameworksBuildPhase section */
		DB351026216B8CD6004AF5CF /* Frameworks */ = {
			isa = PBXFrameworksBuildPhase;
			buildActionMask = 2147483647;
			files = (
				50A65E614FBC0D17C06B4C2D /* Pods_calenderDemo.framework in Frameworks */,
			);
			runOnlyForDeploymentPostprocessing = 0;
		};
		DB35103A216B8CD9004AF5CF /* Frameworks */ = {
			isa = PBXFrameworksBuildPhase;
			buildActionMask = 2147483647;
			files = (
				52C792E0A5A72C918B909877 /* Pods_calenderDemoTests.framework in Frameworks */,
			);
			runOnlyForDeploymentPostprocessing = 0;
		};
		DB351045216B8CD9004AF5CF /* Frameworks */ = {
			isa = PBXFrameworksBuildPhase;
			buildActionMask = 2147483647;
			files = (
				B17CFDB21DB45FBE93995FE4 /* Pods_calenderDemoUITests.framework in Frameworks */,
			);
			runOnlyForDeploymentPostprocessing = 0;
		};
/* End PBXFrameworksBuildPhase section */

/* Begin PBXGroup section */
		19CDA086218D40C14A27A230 /* Pods */ = {
			isa = PBXGroup;
			children = (
				03F28BBDDEC23232970BEF96 /* Pods-calenderDemo.debug.xcconfig */,
				8AE3C61AFC808CF4055717D0 /* Pods-calenderDemo.release.xcconfig */,
				498BA27CAA3D8A2B00BF36AD /* Pods-calenderDemoTests.debug.xcconfig */,
				CD0765243F7020EBA0342BE1 /* Pods-calenderDemoTests.release.xcconfig */,
				7F8CF93ECDC5305A5E66DB90 /* Pods-calenderDemoUITests.debug.xcconfig */,
				5FEA7C3140AB891DB4634755 /* Pods-calenderDemoUITests.release.xcconfig */,
			);
			name = Pods;
			sourceTree = "<group>";
		};
		24038A13F306CFEF61993715 /* Frameworks */ = {
			isa = PBXGroup;
			children = (
				8D63073F619AFE3AE742178D /* Pods_calenderDemo.framework */,
				9DB06A21B7A45657F527CAD4 /* Pods_calenderDemoTests.framework */,
				EEE3FE8D2C49EAE691E24D37 /* Pods_calenderDemoUITests.framework */,
			);
			name = Frameworks;
			sourceTree = "<group>";
		};
		DB351020216B8CD6004AF5CF = {
			isa = PBXGroup;
			children = (
				DB35102B216B8CD6004AF5CF /* calenderDemo */,
				DB351040216B8CD9004AF5CF /* calenderDemoTests */,
				DB35104B216B8CD9004AF5CF /* calenderDemoUITests */,
				DB35102A216B8CD6004AF5CF /* Products */,
				19CDA086218D40C14A27A230 /* Pods */,
				24038A13F306CFEF61993715 /* Frameworks */,
			);
			sourceTree = "<group>";
		};
		DB35102A216B8CD6004AF5CF /* Products */ = {
			isa = PBXGroup;
			children = (
				DB351029216B8CD6004AF5CF /* calenderDemo.app */,
				DB35103D216B8CD9004AF5CF /* calenderDemoTests.xctest */,
				DB351048216B8CD9004AF5CF /* calenderDemoUITests.xctest */,
			);
			name = Products;
			sourceTree = "<group>";
		};
		DB35102B216B8CD6004AF5CF /* calenderDemo */ = {
			isa = PBXGroup;
			children = (
				DB351030216B8CD6004AF5CF /* Main.storyboard */,
				DB35102C216B8CD6004AF5CF /* AppDelegate.swift */,
				DB35102E216B8CD6004AF5CF /* ViewController.swift */,
				DB35105E216D6236004AF5CF /* EventViewController.swift */,
				DB35105A216C288C004AF5CF /* data.swift */,
				DB351033216B8CD9004AF5CF /* Assets.xcassets */,
				DB351035216B8CD9004AF5CF /* LaunchScreen.storyboard */,
				DB351038216B8CD9004AF5CF /* Info.plist */,
			);
			path = calenderDemo;
			sourceTree = "<group>";
		};
		DB351040216B8CD9004AF5CF /* calenderDemoTests */ = {
			isa = PBXGroup;
			children = (
				DB351041216B8CD9004AF5CF /* calenderDemoTests.swift */,
				DB351043216B8CD9004AF5CF /* Info.plist */,
			);
			path = calenderDemoTests;
			sourceTree = "<group>";
		};
		DB35104B216B8CD9004AF5CF /* calenderDemoUITests */ = {
			isa = PBXGroup;
			children = (
				DB35104C216B8CD9004AF5CF /* calenderDemoUITests.swift */,
				DB35104E216B8CD9004AF5CF /* Info.plist */,
			);
			path = calenderDemoUITests;
			sourceTree = "<group>";
		};
/* End PBXGroup section */

/* Begin PBXNativeTarget section */
		DB351028216B8CD6004AF5CF /* calenderDemo */ = {
			isa = PBXNativeTarget;
			buildConfigurationList = DB351051216B8CD9004AF5CF /* Build configuration list for PBXNativeTarget "calenderDemo" */;
			buildPhases = (
				5C819BF5BCF4CDEE633C211F /* [CP] Check Pods Manifest.lock */,
				DB351025216B8CD6004AF5CF /* Sources */,
				DB351026216B8CD6004AF5CF /* Frameworks */,
				DB351027216B8CD6004AF5CF /* Resources */,
				3C4EF212167F75F15FD8726B /* [CP] Embed Pods Frameworks */,
			);
			buildRules = (
			);
			dependencies = (
			);
			name = calenderDemo;
			productName = calenderDemo;
			productReference = DB351029216B8CD6004AF5CF /* calenderDemo.app */;
			productType = "com.apple.product-type.application";
		};
		DB35103C216B8CD9004AF5CF /* calenderDemoTests */ = {
			isa = PBXNativeTarget;
			buildConfigurationList = DB351054216B8CD9004AF5CF /* Build configuration list for PBXNativeTarget "calenderDemoTests" */;
			buildPhases = (
				6F9887BDD1D8A3DBAD9E3EAF /* [CP] Check Pods Manifest.lock */,
				DB351039216B8CD9004AF5CF /* Sources */,
				DB35103A216B8CD9004AF5CF /* Frameworks */,
				DB35103B216B8CD9004AF5CF /* Resources */,
			);
			buildRules = (
			);
			dependencies = (
				DB35103F216B8CD9004AF5CF /* PBXTargetDependency */,
			);
			name = calenderDemoTests;
			productName = calenderDemoTests;
			productReference = DB35103D216B8CD9004AF5CF /* calenderDemoTests.xctest */;
			productType = "com.apple.product-type.bundle.unit-test";
		};
		DB351047216B8CD9004AF5CF /* calenderDemoUITests */ = {
			isa = PBXNativeTarget;
			buildConfigurationList = DB351057216B8CD9004AF5CF /* Build configuration list for PBXNativeTarget "calenderDemoUITests" */;
			buildPhases = (
				4E45C9F4987BDA620ED0FF0F /* [CP] Check Pods Manifest.lock */,
				DB351044216B8CD9004AF5CF /* Sources */,
				DB351045216B8CD9004AF5CF /* Frameworks */,
				DB351046216B8CD9004AF5CF /* Resources */,
			);
			buildRules = (
			);
			dependencies = (
				DB35104A216B8CD9004AF5CF /* PBXTargetDependency */,
			);
			name = calenderDemoUITests;
			productName = calenderDemoUITests;
			productReference = DB351048216B8CD9004AF5CF /* calenderDemoUITests.xctest */;
			productType = "com.apple.product-type.bundle.ui-testing";
		};
/* End PBXNativeTarget section */

/* Begin PBXProject section */
		DB351021216B8CD6004AF5CF /* Project object */ = {
			isa = PBXProject;
			attributes = {
				LastSwiftUpdateCheck = 1000;
				LastUpgradeCheck = 1000;
				ORGANIZATIONNAME = yutaro;
				TargetAttributes = {
					DB351028216B8CD6004AF5CF = {
						CreatedOnToolsVersion = 10.0;
					};
					DB35103C216B8CD9004AF5CF = {
						CreatedOnToolsVersion = 10.0;
						TestTargetID = DB351028216B8CD6004AF5CF;
					};
					DB351047216B8CD9004AF5CF = {
						CreatedOnToolsVersion = 10.0;
						TestTargetID = DB351028216B8CD6004AF5CF;
					};
				};
			};
			buildConfigurationList = DB351024216B8CD6004AF5CF /* Build configuration list for PBXProject "calenderDemo" */;
			compatibilityVersion = "Xcode 9.3";
			developmentRegion = en;
			hasScannedForEncodings = 0;
			knownRegions = (
				en,
				Base,
			);
			mainGroup = DB351020216B8CD6004AF5CF;
			productRefGroup = DB35102A216B8CD6004AF5CF /* Products */;
			projectDirPath = "";
			projectRoot = "";
			targets = (
				DB351028216B8CD6004AF5CF /* calenderDemo */,
				DB35103C216B8CD9004AF5CF /* calenderDemoTests */,
				DB351047216B8CD9004AF5CF /* calenderDemoUITests */,
			);
		};
/* End PBXProject section */

/* Begin PBXResourcesBuildPhase section */
		DB351027216B8CD6004AF5CF /* Resources */ = {
			isa = PBXResourcesBuildPhase;
			buildActionMask = 2147483647;
			files = (
				DB351037216B8CD9004AF5CF /* LaunchScreen.storyboard in Resources */,
				DB351034216B8CD9004AF5CF /* Assets.xcassets in Resources */,
				DB351032216B8CD6004AF5CF /* Main.storyboard in Resources */,
			);
			runOnlyForDeploymentPostprocessing = 0;
		};
		DB35103B216B8CD9004AF5CF /* Resources */ = {
			isa = PBXResourcesBuildPhase;
			buildActionMask = 2147483647;
			files = (
			);
			runOnlyForDeploymentPostprocessing = 0;
		};
		DB351046216B8CD9004AF5CF /* Resources */ = {
			isa = PBXResourcesBuildPhase;
			buildActionMask = 2147483647;
			files = (
			);
			runOnlyForDeploymentPostprocessing = 0;
		};
/* End PBXResourcesBuildPhase section */

/* Begin PBXShellScriptBuildPhase section */
		3C4EF212167F75F15FD8726B /* [CP] Embed Pods Frameworks */ = {
			isa = PBXShellScriptBuildPhase;
			buildActionMask = 2147483647;
			files = (
			);
			inputFileListPaths = (
			);
			inputPaths = (
				"${SRCROOT}/Pods/Target Support Files/Pods-calenderDemo/Pods-calenderDemo-frameworks.sh",
				"${BUILT_PRODUCTS_DIR}/CalculateCalendarLogic/CalculateCalendarLogic.framework",
				"${BUILT_PRODUCTS_DIR}/FSCalendar/FSCalendar.framework",
				"${BUILT_PRODUCTS_DIR}/Realm/Realm.framework",
				"${BUILT_PRODUCTS_DIR}/RealmSwift/RealmSwift.framework",
			);
			name = "[CP] Embed Pods Frameworks";
			outputFileListPaths = (
			);
			outputPaths = (
				"${TARGET_BUILD_DIR}/${FRAMEWORKS_FOLDER_PATH}/CalculateCalendarLogic.framework",
				"${TARGET_BUILD_DIR}/${FRAMEWORKS_FOLDER_PATH}/FSCalendar.framework",
				"${TARGET_BUILD_DIR}/${FRAMEWORKS_FOLDER_PATH}/Realm.framework",
				"${TARGET_BUILD_DIR}/${FRAMEWORKS_FOLDER_PATH}/RealmSwift.framework",
			);
			runOnlyForDeploymentPostprocessing = 0;
			shellPath = /bin/sh;
			shellScript = "\"${SRCROOT}/Pods/Target Support Files/Pods-calenderDemo/Pods-calenderDemo-frameworks.sh\"\n";
			showEnvVarsInLog = 0;
		};
		4E45C9F4987BDA620ED0FF0F /* [CP] Check Pods Manifest.lock */ = {
			isa = PBXShellScriptBuildPhase;
			buildActionMask = 2147483647;
			files = (
			);
			inputFileListPaths = (
			);
			inputPaths = (
				"${PODS_PODFILE_DIR_PATH}/Podfile.lock",
				"${PODS_ROOT}/Manifest.lock",
			);
			name = "[CP] Check Pods Manifest.lock";
			outputFileListPaths = (
			);
			outputPaths = (
				"$(DERIVED_FILE_DIR)/Pods-calenderDemoUITests-checkManifestLockResult.txt",
			);
			runOnlyForDeploymentPostprocessing = 0;
			shellPath = /bin/sh;
			shellScript = "diff \"${PODS_PODFILE_DIR_PATH}/Podfile.lock\" \"${PODS_ROOT}/Manifest.lock\" > /dev/null\nif [ $? != 0 ] ; then\n    # print error to STDERR\n    echo \"error: The sandbox is not in sync with the Podfile.lock. Run 'pod install' or update your CocoaPods installation.\" >&2\n    exit 1\nfi\n# This output is used by Xcode 'outputs' to avoid re-running this script phase.\necho \"SUCCESS\" > \"${SCRIPT_OUTPUT_FILE_0}\"\n";
			showEnvVarsInLog = 0;
		};
		5C819BF5BCF4CDEE633C211F /* [CP] Check Pods Manifest.lock */ = {
			isa = PBXShellScriptBuildPhase;
			buildActionMask = 2147483647;
			files = (
			);
			inputFileListPaths = (
			);
			inputPaths = (
				"${PODS_PODFILE_DIR_PATH}/Podfile.lock",
				"${PODS_ROOT}/Manifest.lock",
			);
			name = "[CP] Check Pods Manifest.lock";
			outputFileListPaths = (
			);
			outputPaths = (
				"$(DERIVED_FILE_DIR)/Pods-calenderDemo-checkManifestLockResult.txt",
			);
			runOnlyForDeploymentPostprocessing = 0;
			shellPath = /bin/sh;
			shellScript = "diff \"${PODS_PODFILE_DIR_PATH}/Podfile.lock\" \"${PODS_ROOT}/Manifest.lock\" > /dev/null\nif [ $? != 0 ] ; then\n    # print error to STDERR\n    echo \"error: The sandbox is not in sync with the Podfile.lock. Run 'pod install' or update your CocoaPods installation.\" >&2\n    exit 1\nfi\n# This output is used by Xcode 'outputs' to avoid re-running this script phase.\necho \"SUCCESS\" > \"${SCRIPT_OUTPUT_FILE_0}\"\n";
			showEnvVarsInLog = 0;
		};
		6F9887BDD1D8A3DBAD9E3EAF /* [CP] Check Pods Manifest.lock */ = {
			isa = PBXShellScriptBuildPhase;
			buildActionMask = 2147483647;
			files = (
			);
			inputFileListPaths = (
			);
			inputPaths = (
				"${PODS_PODFILE_DIR_PATH}/Podfile.lock",
				"${PODS_ROOT}/Manifest.lock",
			);
			name = "[CP] Check Pods Manifest.lock";
			outputFileListPaths = (
			);
			outputPaths = (
				"$(DERIVED_FILE_DIR)/Pods-calenderDemoTests-checkManifestLockResult.txt",
			);
			runOnlyForDeploymentPostprocessing = 0;
			shellPath = /bin/sh;
			shellScript = "diff \"${PODS_PODFILE_DIR_PATH}/Podfile.lock\" \"${PODS_ROOT}/Manifest.lock\" > /dev/null\nif [ $? != 0 ] ; then\n    # print error to STDERR\n    echo \"error: The sandbox is not in sync with the Podfile.lock. Run 'pod install' or update your CocoaPods installation.\" >&2\n    exit 1\nfi\n# This output is used by Xcode 'outputs' to avoid re-running this script phase.\necho \"SUCCESS\" > \"${SCRIPT_OUTPUT_FILE_0}\"\n";
			showEnvVarsInLog = 0;
		};
/* End PBXShellScriptBuildPhase section */

/* Begin PBXSourcesBuildPhase section */
		DB351025216B8CD6004AF5CF /* Sources */ = {
			isa = PBXSourcesBuildPhase;
			buildActionMask = 2147483647;
			files = (
				DB35102F216B8CD6004AF5CF /* ViewController.swift in Sources */,
				DB35105F216D6236004AF5CF /* EventViewController.swift in Sources */,
				DB35105B216C288C004AF5CF /* data.swift in Sources */,
				DB35102D216B8CD6004AF5CF /* AppDelegate.swift in Sources */,
			);
			runOnlyForDeploymentPostprocessing = 0;
		};
		DB351039216B8CD9004AF5CF /* Sources */ = {
			isa = PBXSourcesBuildPhase;
			buildActionMask = 2147483647;
			files = (
				DB351042216B8CD9004AF5CF /* calenderDemoTests.swift in Sources */,
			);
			runOnlyForDeploymentPostprocessing = 0;
		};
		DB351044216B8CD9004AF5CF /* Sources */ = {
			isa = PBXSourcesBuildPhase;
			buildActionMask = 2147483647;
			files = (
				DB35104D216B8CD9004AF5CF /* calenderDemoUITests.swift in Sources */,
			);
			runOnlyForDeploymentPostprocessing = 0;
		};
/* End PBXSourcesBuildPhase section */

/* Begin PBXTargetDependency section */
		DB35103F216B8CD9004AF5CF /* PBXTargetDependency */ = {
			isa = PBXTargetDependency;
			target = DB351028216B8CD6004AF5CF /* calenderDemo */;
			targetProxy = DB35103E216B8CD9004AF5CF /* PBXContainerItemProxy */;
		};
		DB35104A216B8CD9004AF5CF /* PBXTargetDependency */ = {
			isa = PBXTargetDependency;
			target = DB351028216B8CD6004AF5CF /* calenderDemo */;
			targetProxy = DB351049216B8CD9004AF5CF /* PBXContainerItemProxy */;
		};
/* End PBXTargetDependency section */

/* Begin PBXVariantGroup section */
		DB351030216B8CD6004AF5CF /* Main.storyboard */ = {
			isa = PBXVariantGroup;
			children = (
				DB351031216B8CD6004AF5CF /* Base */,
			);
			name = Main.storyboard;
			sourceTree = "<group>";
		};
		DB351035216B8CD9004AF5CF /* LaunchScreen.storyboard */ = {
			isa = PBXVariantGroup;
			children = (
				DB351036216B8CD9004AF5CF /* Base */,
			);
			name = LaunchScreen.storyboard;
			sourceTree = "<group>";
		};
/* End PBXVariantGroup section */

/* Begin XCBuildConfiguration section */
		DB35104F216B8CD9004AF5CF /* Debug */ = {
			isa = XCBuildConfiguration;
			buildSettings = {
				ALWAYS_SEARCH_USER_PATHS = NO;
				CLANG_ANALYZER_NONNULL = YES;
				CLANG_ANALYZER_NUMBER_OBJECT_CONVERSION = YES_AGGRESSIVE;
				CLANG_CXX_LANGUAGE_STANDARD = "gnu++14";
				CLANG_CXX_LIBRARY = "libc++";
				CLANG_ENABLE_MODULES = YES;
				CLANG_ENABLE_OBJC_ARC = YES;
				CLANG_ENABLE_OBJC_WEAK = YES;
				CLANG_WARN_BLOCK_CAPTURE_AUTORELEASING = YES;
				CLANG_WARN_BOOL_CONVERSION = YES;
				CLANG_WARN_COMMA = YES;
				CLANG_WARN_CONSTANT_CONVERSION = YES;
				CLANG_WARN_DEPRECATED_OBJC_IMPLEMENTATIONS = YES;
				CLANG_WARN_DIRECT_OBJC_ISA_USAGE = YES_ERROR;
				CLANG_WARN_DOCUMENTATION_COMMENTS = YES;
				CLANG_WARN_EMPTY_BODY = YES;
				CLANG_WARN_ENUM_CONVERSION = YES;
				CLANG_WARN_INFINITE_RECURSION = YES;
				CLANG_WARN_INT_CONVERSION = YES;
				CLANG_WARN_NON_LITERAL_NULL_CONVERSION = YES;
				CLANG_WARN_OBJC_IMPLICIT_RETAIN_SELF = YES;
				CLANG_WARN_OBJC_LITERAL_CONVERSION = YES;
				CLANG_WARN_OBJC_ROOT_CLASS = YES_ERROR;
				CLANG_WARN_RANGE_LOOP_ANALYSIS = YES;
				CLANG_WARN_STRICT_PROTOTYPES = YES;
				CLANG_WARN_SUSPICIOUS_MOVE = YES;
				CLANG_WARN_UNGUARDED_AVAILABILITY = YES_AGGRESSIVE;
				CLANG_WARN_UNREACHABLE_CODE = YES;
				CLANG_WARN__DUPLICATE_METHOD_MATCH = YES;
				CODE_SIGN_IDENTITY = "iPhone Developer";
				COPY_PHASE_STRIP = NO;
				DEBUG_INFORMATION_FORMAT = dwarf;
				ENABLE_STRICT_OBJC_MSGSEND = YES;
				ENABLE_TESTABILITY = YES;
				GCC_C_LANGUAGE_STANDARD = gnu11;
				GCC_DYNAMIC_NO_PIC = NO;
				GCC_NO_COMMON_BLOCKS = YES;
				GCC_OPTIMIZATION_LEVEL = 0;
				GCC_PREPROCESSOR_DEFINITIONS = (
					"DEBUG=1",
					"$(inherited)",
				);
				GCC_WARN_64_TO_32_BIT_CONVERSION = YES;
				GCC_WARN_ABOUT_RETURN_TYPE = YES_ERROR;
				GCC_WARN_UNDECLARED_SELECTOR = YES;
				GCC_WARN_UNINITIALIZED_AUTOS = YES_AGGRESSIVE;
				GCC_WARN_UNUSED_FUNCTION = YES;
				GCC_WARN_UNUSED_VARIABLE = YES;
				IPHONEOS_DEPLOYMENT_TARGET = 12.0;
				MTL_ENABLE_DEBUG_INFO = INCLUDE_SOURCE;
				MTL_FAST_MATH = YES;
				ONLY_ACTIVE_ARCH = YES;
				SDKROOT = iphoneos;
				SWIFT_ACTIVE_COMPILATION_CONDITIONS = DEBUG;
				SWIFT_OPTIMIZATION_LEVEL = "-Onone";
			};
			name = Debug;
		};
		DB351050216B8CD9004AF5CF /* Release */ = {
			isa = XCBuildConfiguration;
			buildSettings = {
				ALWAYS_SEARCH_USER_PATHS = NO;
				CLANG_ANALYZER_NONNULL = YES;
				CLANG_ANALYZER_NUMBER_OBJECT_CONVERSION = YES_AGGRESSIVE;
				CLANG_CXX_LANGUAGE_STANDARD = "gnu++14";
				CLANG_CXX_LIBRARY = "libc++";
				CLANG_ENABLE_MODULES = YES;
				CLANG_ENABLE_OBJC_ARC = YES;
				CLANG_ENABLE_OBJC_WEAK = YES;
				CLANG_WARN_BLOCK_CAPTURE_AUTORELEASING = YES;
				CLANG_WARN_BOOL_CONVERSION = YES;
				CLANG_WARN_COMMA = YES;
				CLANG_WARN_CONSTANT_CONVERSION = YES;
				CLANG_WARN_DEPRECATED_OBJC_IMPLEMENTATIONS = YES;
				CLANG_WARN_DIRECT_OBJC_ISA_USAGE = YES_ERROR;
				CLANG_WARN_DOCUMENTATION_COMMENTS = YES;
				CLANG_WARN_EMPTY_BODY = YES;
				CLANG_WARN_ENUM_CONVERSION = YES;
				CLANG_WARN_INFINITE_RECURSION = YES;
				CLANG_WARN_INT_CONVERSION = YES;
				CLANG_WARN_NON_LITERAL_NULL_CONVERSION = YES;
				CLANG_WARN_OBJC_IMPLICIT_RETAIN_SELF = YES;
				CLANG_WARN_OBJC_LITERAL_CONVERSION = YES;
				CLANG_WARN_OBJC_ROOT_CLASS = YES_ERROR;
				CLANG_WARN_RANGE_LOOP_ANALYSIS = YES;
				CLANG_WARN_STRICT_PROTOTYPES = YES;
				CLANG_WARN_SUSPICIOUS_MOVE = YES;
				CLANG_WARN_UNGUARDED_AVAILABILITY = YES_AGGRESSIVE;
				CLANG_WARN_UNREACHABLE_CODE = YES;
				CLANG_WARN__DUPLICATE_METHOD_MATCH = YES;
				CODE_SIGN_IDENTITY = "iPhone Developer";
				COPY_PHASE_STRIP = NO;
				DEBUG_INFORMATION_FORMAT = "dwarf-with-dsym";
				ENABLE_NS_ASSERTIONS = NO;
				ENABLE_STRICT_OBJC_MSGSEND = YES;
				GCC_C_LANGUAGE_STANDARD = gnu11;
				GCC_NO_COMMON_BLOCKS = YES;
				GCC_WARN_64_TO_32_BIT_CONVERSION = YES;
				GCC_WARN_ABOUT_RETURN_TYPE = YES_ERROR;
				GCC_WARN_UNDECLARED_SELECTOR = YES;
				GCC_WARN_UNINITIALIZED_AUTOS = YES_AGGRESSIVE;
				GCC_WARN_UNUSED_FUNCTION = YES;
				GCC_WARN_UNUSED_VARIABLE = YES;
				IPHONEOS_DEPLOYMENT_TARGET = 12.0;
				MTL_ENABLE_DEBUG_INFO = NO;
				MTL_FAST_MATH = YES;
				SDKROOT = iphoneos;
				SWIFT_COMPILATION_MODE = wholemodule;
				SWIFT_OPTIMIZATION_LEVEL = "-O";
				VALIDATE_PRODUCT = YES;
			};
			name = Release;
		};
		DB351052216B8CD9004AF5CF /* Debug */ = {
			isa = XCBuildConfiguration;
			baseConfigurationReference = 03F28BBDDEC23232970BEF96 /* Pods-calenderDemo.debug.xcconfig */;
			buildSettings = {
				ASSETCATALOG_COMPILER_APPICON_NAME = AppIcon;
				CODE_SIGN_STYLE = Automatic;
				INFOPLIST_FILE = calenderDemo/Info.plist;
				LD_RUNPATH_SEARCH_PATHS = (
					"$(inherited)",
					"@executable_path/Frameworks",
				);
				PRODUCT_BUNDLE_IDENTIFIER = yutaro.calenderDemo;
				PRODUCT_NAME = "$(TARGET_NAME)";
				SWIFT_VERSION = 4.2;
				TARGETED_DEVICE_FAMILY = "1,2";
			};
			name = Debug;
		};
		DB351053216B8CD9004AF5CF /* Release */ = {
			isa = XCBuildConfiguration;
			baseConfigurationReference = 8AE3C61AFC808CF4055717D0 /* Pods-calenderDemo.release.xcconfig */;
			buildSettings = {
				ASSETCATALOG_COMPILER_APPICON_NAME = AppIcon;
				CODE_SIGN_STYLE = Automatic;
				INFOPLIST_FILE = calenderDemo/Info.plist;
				LD_RUNPATH_SEARCH_PATHS = (
					"$(inherited)",
					"@executable_path/Frameworks",
				);
				PRODUCT_BUNDLE_IDENTIFIER = yutaro.calenderDemo;
				PRODUCT_NAME = "$(TARGET_NAME)";
				SWIFT_VERSION = 4.2;
				TARGETED_DEVICE_FAMILY = "1,2";
			};
			name = Release;
		};
		DB351055216B8CD9004AF5CF /* Debug */ = {
			isa = XCBuildConfiguration;
			baseConfigurationReference = 498BA27CAA3D8A2B00BF36AD /* Pods-calenderDemoTests.debug.xcconfig */;
			buildSettings = {
				ALWAYS_EMBED_SWIFT_STANDARD_LIBRARIES = YES;
				BUNDLE_LOADER = "$(TEST_HOST)";
				CODE_SIGN_STYLE = Automatic;
				INFOPLIST_FILE = calenderDemoTests/Info.plist;
				LD_RUNPATH_SEARCH_PATHS = (
					"$(inherited)",
					"@executable_path/Frameworks",
					"@loader_path/Frameworks",
				);
				PRODUCT_BUNDLE_IDENTIFIER = yutaro.calenderDemoTests;
				PRODUCT_NAME = "$(TARGET_NAME)";
				SWIFT_VERSION = 4.2;
				TARGETED_DEVICE_FAMILY = "1,2";
				TEST_HOST = "$(BUILT_PRODUCTS_DIR)/calenderDemo.app/calenderDemo";
			};
			name = Debug;
		};
		DB351056216B8CD9004AF5CF /* Release */ = {
			isa = XCBuildConfiguration;
			baseConfigurationReference = CD0765243F7020EBA0342BE1 /* Pods-calenderDemoTests.release.xcconfig */;
			buildSettings = {
				ALWAYS_EMBED_SWIFT_STANDARD_LIBRARIES = YES;
				BUNDLE_LOADER = "$(TEST_HOST)";
				CODE_SIGN_STYLE = Automatic;
				INFOPLIST_FILE = calenderDemoTests/Info.plist;
				LD_RUNPATH_SEARCH_PATHS = (
					"$(inherited)",
					"@executable_path/Frameworks",
					"@loader_path/Frameworks",
				);
				PRODUCT_BUNDLE_IDENTIFIER = yutaro.calenderDemoTests;
				PRODUCT_NAME = "$(TARGET_NAME)";
				SWIFT_VERSION = 4.2;
				TARGETED_DEVICE_FAMILY = "1,2";
				TEST_HOST = "$(BUILT_PRODUCTS_DIR)/calenderDemo.app/calenderDemo";
			};
			name = Release;
		};
		DB351058216B8CD9004AF5CF /* Debug */ = {
			isa = XCBuildConfiguration;
			baseConfigurationReference = 7F8CF93ECDC5305A5E66DB90 /* Pods-calenderDemoUITests.debug.xcconfig */;
			buildSettings = {
				ALWAYS_EMBED_SWIFT_STANDARD_LIBRARIES = YES;
				CODE_SIGN_STYLE = Automatic;
				INFOPLIST_FILE = calenderDemoUITests/Info.plist;
				LD_RUNPATH_SEARCH_PATHS = (
					"$(inherited)",
					"@executable_path/Frameworks",
					"@loader_path/Frameworks",
				);
				PRODUCT_BUNDLE_IDENTIFIER = yutaro.calenderDemoUITests;
				PRODUCT_NAME = "$(TARGET_NAME)";
				SWIFT_VERSION = 4.2;
				TARGETED_DEVICE_FAMILY = "1,2";
				TEST_TARGET_NAME = calenderDemo;
			};
			name = Debug;
		};
		DB351059216B8CD9004AF5CF /* Release */ = {
			isa = XCBuildConfiguration;
			baseConfigurationReference = 5FEA7C3140AB891DB4634755 /* Pods-calenderDemoUITests.release.xcconfig */;
			buildSettings = {
				ALWAYS_EMBED_SWIFT_STANDARD_LIBRARIES = YES;
				CODE_SIGN_STYLE = Automatic;
				INFOPLIST_FILE = calenderDemoUITests/Info.plist;
				LD_RUNPATH_SEARCH_PATHS = (
					"$(inherited)",
					"@executable_path/Frameworks",
					"@loader_path/Frameworks",
				);
				PRODUCT_BUNDLE_IDENTIFIER = yutaro.calenderDemoUITests;
				PRODUCT_NAME = "$(TARGET_NAME)";
				SWIFT_VERSION = 4.2;
				TARGETED_DEVICE_FAMILY = "1,2";
				TEST_TARGET_NAME = calenderDemo;
			};
			name = Release;
		};
/* End XCBuildConfiguration section */

/* Begin XCConfigurationList section */
		DB351024216B8CD6004AF5CF /* Build configuration list for PBXProject "calenderDemo" */ = {
			isa = XCConfigurationList;
			buildConfigurations = (
				DB35104F216B8CD9004AF5CF /* Debug */,
				DB351050216B8CD9004AF5CF /* Release */,
			);
			defaultConfigurationIsVisible = 0;
			defaultConfigurationName = Release;
		};
		DB351051216B8CD9004AF5CF /* Build configuration list for PBXNativeTarget "calenderDemo" */ = {
			isa = XCConfigurationList;
			buildConfigurations = (
				DB351052216B8CD9004AF5CF /* Debug */,
				DB351053216B8CD9004AF5CF /* Release */,
			);
			defaultConfigurationIsVisible = 0;
			defaultConfigurationName = Release;
		};
		DB351054216B8CD9004AF5CF /* Build configuration list for PBXNativeTarget "calenderDemoTests" */ = {
			isa = XCConfigurationList;
			buildConfigurations = (
				DB351055216B8CD9004AF5CF /* Debug */,
				DB351056216B8CD9004AF5CF /* Release */,
			);
			defaultConfigurationIsVisible = 0;
			defaultConfigurationName = Release;
		};
		DB351057216B8CD9004AF5CF /* Build configuration list for PBXNativeTarget "calenderDemoUITests" */ = {
			isa = XCConfigurationList;
			buildConfigurations = (
				DB351058216B8CD9004AF5CF /* Debug */,
				DB351059216B8CD9004AF5CF /* Release */,
			);
			defaultConfigurationIsVisible = 0;
			defaultConfigurationName = Release;
		};
/* End XCConfigurationList section */
	};
	rootObject = DB351021216B8CD6004AF5CF /* Project object */;
}
